// !$*UTF8*$!
{
	archiveVersion = 1;
	classes = {
	};
	objectVersion = 55;
	objects = {

/* Begin PBXBuildFile section */
		256FB24328420AE6008FFC8D /* AlamofireEasyLogger in Frameworks */ = {isa = PBXBuildFile; productRef = 256FB24228420AE6008FFC8D /* AlamofireEasyLogger */; };
		259ED921283ABCD900B9D742 /* LaunchData.swift in Sources */ = {isa = PBXBuildFile; fileRef = 259ED920283ABCD900B9D742 /* LaunchData.swift */; };
		259ED923283ABF4D00B9D742 /* LaunchCellView.swift in Sources */ = {isa = PBXBuildFile; fileRef = 259ED922283ABF4D00B9D742 /* LaunchCellView.swift */; };
		259ED925283AC51400B9D742 /* Constants.swift in Sources */ = {isa = PBXBuildFile; fileRef = 259ED924283AC51400B9D742 /* Constants.swift */; };
		259ED928283D635800B9D742 /* Alamofire in Frameworks */ = {isa = PBXBuildFile; productRef = 259ED927283D635800B9D742 /* Alamofire */; };
		259ED92B283EC82C00B9D742 /* LaunchService.swift in Sources */ = {isa = PBXBuildFile; fileRef = 259ED92A283EC82C00B9D742 /* LaunchService.swift */; };
		25B6C390283A751600C8397D /* AppDelegate.swift in Sources */ = {isa = PBXBuildFile; fileRef = 25B6C38F283A751600C8397D /* AppDelegate.swift */; };
		25B6C392283A751600C8397D /* SceneDelegate.swift in Sources */ = {isa = PBXBuildFile; fileRef = 25B6C391283A751600C8397D /* SceneDelegate.swift */; };
		25B6C394283A751600C8397D /* LaunchListViewController.swift in Sources */ = {isa = PBXBuildFile; fileRef = 25B6C393283A751600C8397D /* LaunchListViewController.swift */; };
		25B6C397283A751600C8397D /* Main.storyboard in Resources */ = {isa = PBXBuildFile; fileRef = 25B6C395283A751600C8397D /* Main.storyboard */; };
		25B6C399283A751900C8397D /* Assets.xcassets in Resources */ = {isa = PBXBuildFile; fileRef = 25B6C398283A751900C8397D /* Assets.xcassets */; };
		25B6C39C283A751900C8397D /* LaunchScreen.storyboard in Resources */ = {isa = PBXBuildFile; fileRef = 25B6C39A283A751900C8397D /* LaunchScreen.storyboard */; };
/* End PBXBuildFile section */

/* Begin PBXFileReference section */
		259ED920283ABCD900B9D742 /* LaunchData.swift */ = {isa = PBXFileReference; lastKnownFileType = sourcecode.swift; path = LaunchData.swift; sourceTree = "<group>"; };
		259ED922283ABF4D00B9D742 /* LaunchCellView.swift */ = {isa = PBXFileReference; lastKnownFileType = sourcecode.swift; path = LaunchCellView.swift; sourceTree = "<group>"; };
		259ED924283AC51400B9D742 /* Constants.swift */ = {isa = PBXFileReference; lastKnownFileType = sourcecode.swift; path = Constants.swift; sourceTree = "<group>"; };
		259ED92A283EC82C00B9D742 /* LaunchService.swift */ = {isa = PBXFileReference; lastKnownFileType = sourcecode.swift; path = LaunchService.swift; sourceTree = "<group>"; };
		25B6C38C283A751600C8397D /* SpaceX-launches-MVC-iOS.app */ = {isa = PBXFileReference; explicitFileType = wrapper.application; includeInIndex = 0; path = "SpaceX-launches-MVC-iOS.app"; sourceTree = BUILT_PRODUCTS_DIR; };
		25B6C38F283A751600C8397D /* AppDelegate.swift */ = {isa = PBXFileReference; lastKnownFileType = sourcecode.swift; path = AppDelegate.swift; sourceTree = "<group>"; };
		25B6C391283A751600C8397D /* SceneDelegate.swift */ = {isa = PBXFileReference; lastKnownFileType = sourcecode.swift; path = SceneDelegate.swift; sourceTree = "<group>"; };
		25B6C393283A751600C8397D /* LaunchListViewController.swift */ = {isa = PBXFileReference; lastKnownFileType = sourcecode.swift; path = LaunchListViewController.swift; sourceTree = "<group>"; };
		25B6C396283A751600C8397D /* Base */ = {isa = PBXFileReference; lastKnownFileType = file.storyboard; name = Base; path = Base.lproj/Main.storyboard; sourceTree = "<group>"; };
		25B6C398283A751900C8397D /* Assets.xcassets */ = {isa = PBXFileReference; lastKnownFileType = folder.assetcatalog; path = Assets.xcassets; sourceTree = "<group>"; };
		25B6C39B283A751900C8397D /* Base */ = {isa = PBXFileReference; lastKnownFileType = file.storyboard; name = Base; path = Base.lproj/LaunchScreen.storyboard; sourceTree = "<group>"; };
		25B6C39D283A751900C8397D /* Info.plist */ = {isa = PBXFileReference; lastKnownFileType = text.plist.xml; path = Info.plist; sourceTree = "<group>"; };
/* End PBXFileReference section */

/* Begin PBXFrameworksBuildPhase section */
		25B6C389283A751600C8397D /* Frameworks */ = {
			isa = PBXFrameworksBuildPhase;
			buildActionMask = 2147483647;
			files = (
				259ED928283D635800B9D742 /* Alamofire in Frameworks */,
				256FB24328420AE6008FFC8D /* AlamofireEasyLogger in Frameworks */,
			);
			runOnlyForDeploymentPostprocessing = 0;
		};
/* End PBXFrameworksBuildPhase section */

/* Begin PBXGroup section */
		259ED91D283A7BFE00B9D742 /* Controllers */ = {
			isa = PBXGroup;
			children = (
				25B6C393283A751600C8397D /* LaunchListViewController.swift */,
				259ED922283ABF4D00B9D742 /* LaunchCellView.swift */,
			);
			path = Controllers;
			sourceTree = "<group>";
		};
		259ED91E283A7C1300B9D742 /* Models */ = {
			isa = PBXGroup;
			children = (
				259ED929283EB93600B9D742 /* Services */,
				259ED920283ABCD900B9D742 /* LaunchData.swift */,
			);
			path = Models;
			sourceTree = "<group>";
		};
		259ED91F283A7C2200B9D742 /* Views */ = {
			isa = PBXGroup;
			children = (
				25B6C395283A751600C8397D /* Main.storyboard */,
				25B6C39A283A751900C8397D /* LaunchScreen.storyboard */,
			);
			path = Views;
			sourceTree = "<group>";
		};
		259ED929283EB93600B9D742 /* Services */ = {
			isa = PBXGroup;
			children = (
				259ED92A283EC82C00B9D742 /* LaunchService.swift */,
			);
			path = Services;
			sourceTree = "<group>";
		};
		25B6C383283A751600C8397D = {
			isa = PBXGroup;
			children = (
				25B6C38E283A751600C8397D /* SpaceX-launches-MVC-iOS */,
				25B6C38D283A751600C8397D /* Products */,
			);
			sourceTree = "<group>";
		};
		25B6C38D283A751600C8397D /* Products */ = {
			isa = PBXGroup;
			children = (
				25B6C38C283A751600C8397D /* SpaceX-launches-MVC-iOS.app */,
			);
			name = Products;
			sourceTree = "<group>";
		};
		25B6C38E283A751600C8397D /* SpaceX-launches-MVC-iOS */ = {
			isa = PBXGroup;
			children = (
				25B6C38F283A751600C8397D /* AppDelegate.swift */,
				25B6C391283A751600C8397D /* SceneDelegate.swift */,
				259ED924283AC51400B9D742 /* Constants.swift */,
				259ED91D283A7BFE00B9D742 /* Controllers */,
				259ED91F283A7C2200B9D742 /* Views */,
				259ED91E283A7C1300B9D742 /* Models */,
				25B6C398283A751900C8397D /* Assets.xcassets */,
				25B6C39D283A751900C8397D /* Info.plist */,
			);
			path = "SpaceX-launches-MVC-iOS";
			sourceTree = "<group>";
		};
/* End PBXGroup section */

/* Begin PBXNativeTarget section */
		25B6C38B283A751600C8397D /* SpaceX-launches-MVC-iOS */ = {
			isa = PBXNativeTarget;
			buildConfigurationList = 25B6C3A0283A751900C8397D /* Build configuration list for PBXNativeTarget "SpaceX-launches-MVC-iOS" */;
			buildPhases = (
				25B6C388283A751600C8397D /* Sources */,
				25B6C389283A751600C8397D /* Frameworks */,
				25B6C38A283A751600C8397D /* Resources */,
			);
			buildRules = (
			);
			dependencies = (
			);
			name = "SpaceX-launches-MVC-iOS";
			packageProductDependencies = (
				259ED927283D635800B9D742 /* Alamofire */,
				256FB24228420AE6008FFC8D /* AlamofireEasyLogger */,
			);
			productName = "SpaceX-launches-MVC-iOS";
			productReference = 25B6C38C283A751600C8397D /* SpaceX-launches-MVC-iOS.app */;
			productType = "com.apple.product-type.application";
		};
/* End PBXNativeTarget section */

/* Begin PBXProject section */
		25B6C384283A751600C8397D /* Project object */ = {
			isa = PBXProject;
			attributes = {
				BuildIndependentTargetsInParallel = 1;
				LastSwiftUpdateCheck = 1340;
				LastUpgradeCheck = 1340;
				TargetAttributes = {
					25B6C38B283A751600C8397D = {
						CreatedOnToolsVersion = 13.4;
					};
				};
			};
			buildConfigurationList = 25B6C387283A751600C8397D /* Build configuration list for PBXProject "SpaceX-launches-MVC-iOS" */;
			compatibilityVersion = "Xcode 13.0";
			developmentRegion = en;
			hasScannedForEncodings = 0;
			knownRegions = (
				en,
				Base,
			);
			mainGroup = 25B6C383283A751600C8397D;
			packageReferences = (
				259ED926283D635800B9D742 /* XCRemoteSwiftPackageReference "Alamofire" */,
				256FB24128420AE5008FFC8D /* XCRemoteSwiftPackageReference "AlamofireEasyLogger" */,
			);
			productRefGroup = 25B6C38D283A751600C8397D /* Products */;
			projectDirPath = "";
			projectRoot = "";
			targets = (
				25B6C38B283A751600C8397D /* SpaceX-launches-MVC-iOS */,
			);
		};
/* End PBXProject section */

/* Begin PBXResourcesBuildPhase section */
		25B6C38A283A751600C8397D /* Resources */ = {
			isa = PBXResourcesBuildPhase;
			buildActionMask = 2147483647;
			files = (
				25B6C39C283A751900C8397D /* LaunchScreen.storyboard in Resources */,
				25B6C399283A751900C8397D /* Assets.xcassets in Resources */,
				25B6C397283A751600C8397D /* Main.storyboard in Resources */,
			);
			runOnlyForDeploymentPostprocessing = 0;
		};
/* End PBXResourcesBuildPhase section */

/* Begin PBXSourcesBuildPhase section */
		25B6C388283A751600C8397D /* Sources */ = {
			isa = PBXSourcesBuildPhase;
			buildActionMask = 2147483647;
			files = (
				259ED923283ABF4D00B9D742 /* LaunchCellView.swift in Sources */,
				25B6C394283A751600C8397D /* LaunchListViewController.swift in Sources */,
				25B6C390283A751600C8397D /* AppDelegate.swift in Sources */,
				259ED921283ABCD900B9D742 /* LaunchData.swift in Sources */,
				25B6C392283A751600C8397D /* SceneDelegate.swift in Sources */,
				259ED92B283EC82C00B9D742 /* LaunchService.swift in Sources */,
				259ED925283AC51400B9D742 /* Constants.swift in Sources */,
			);
			runOnlyForDeploymentPostprocessing = 0;
		};
/* End PBXSourcesBuildPhase section */

/* Begin PBXVariantGroup section */
		25B6C395283A751600C8397D /* Main.storyboard */ = {
			isa = PBXVariantGroup;
			children = (
				25B6C396283A751600C8397D /* Base */,
			);
			name = Main.storyboard;
			sourceTree = "<group>";
		};
		25B6C39A283A751900C8397D /* LaunchScreen.storyboard */ = {
			isa = PBXVariantGroup;
			children = (
				25B6C39B283A751900C8397D /* Base */,
			);
			name = LaunchScreen.storyboard;
			sourceTree = "<group>";
		};
/* End PBXVariantGroup section */

/* Begin XCBuildConfiguration section */
		25B6C39E283A751900C8397D /* Debug */ = {
			isa = XCBuildConfiguration;
			buildSettings = {
				ALWAYS_SEARCH_USER_PATHS = NO;
				CLANG_ANALYZER_NONNULL = YES;
				CLANG_ANALYZER_NUMBER_OBJECT_CONVERSION = YES_AGGRESSIVE;
				CLANG_CXX_LANGUAGE_STANDARD = "gnu++17";
				CLANG_ENABLE_MODULES = YES;
				CLANG_ENABLE_OBJC_ARC = YES;
				CLANG_ENABLE_OBJC_WEAK = YES;
				CLANG_WARN_BLOCK_CAPTURE_AUTORELEASING = YES;
				CLANG_WARN_BOOL_CONVERSION = YES;
				CLANG_WARN_COMMA = YES;
				CLANG_WARN_CONSTANT_CONVERSION = YES;
				CLANG_WARN_DEPRECATED_OBJC_IMPLEMENTATIONS = YES;
				CLANG_WARN_DIRECT_OBJC_ISA_USAGE = YES_ERROR;
				CLANG_WARN_DOCUMENTATION_COMMENTS = YES;
				CLANG_WARN_EMPTY_BODY = YES;
				CLANG_WARN_ENUM_CONVERSION = YES;
				CLANG_WARN_INFINITE_RECURSION = YES;
				CLANG_WARN_INT_CONVERSION = YES;
				CLANG_WARN_NON_LITERAL_NULL_CONVERSION = YES;
				CLANG_WARN_OBJC_IMPLICIT_RETAIN_SELF = YES;
				CLANG_WARN_OBJC_LITERAL_CONVERSION = YES;
				CLANG_WARN_OBJC_ROOT_CLASS = YES_ERROR;
				CLANG_WARN_QUOTED_INCLUDE_IN_FRAMEWORK_HEADER = YES;
				CLANG_WARN_RANGE_LOOP_ANALYSIS = YES;
				CLANG_WARN_STRICT_PROTOTYPES = YES;
				CLANG_WARN_SUSPICIOUS_MOVE = YES;
				CLANG_WARN_UNGUARDED_AVAILABILITY = YES_AGGRESSIVE;
				CLANG_WARN_UNREACHABLE_CODE = YES;
				CLANG_WARN__DUPLICATE_METHOD_MATCH = YES;
				COPY_PHASE_STRIP = NO;
				DEBUG_INFORMATION_FORMAT = dwarf;
				ENABLE_STRICT_OBJC_MSGSEND = YES;
				ENABLE_TESTABILITY = YES;
				GCC_C_LANGUAGE_STANDARD = gnu11;
				GCC_DYNAMIC_NO_PIC = NO;
				GCC_NO_COMMON_BLOCKS = YES;
				GCC_OPTIMIZATION_LEVEL = 0;
				GCC_PREPROCESSOR_DEFINITIONS = (
					"DEBUG=1",
					"$(inherited)",
				);
				GCC_WARN_64_TO_32_BIT_CONVERSION = YES;
				GCC_WARN_ABOUT_RETURN_TYPE = YES_ERROR;
				GCC_WARN_UNDECLARED_SELECTOR = YES;
				GCC_WARN_UNINITIALIZED_AUTOS = YES_AGGRESSIVE;
				GCC_WARN_UNUSED_FUNCTION = YES;
				GCC_WARN_UNUSED_VARIABLE = YES;
				IPHONEOS_DEPLOYMENT_TARGET = 15.5;
				MTL_ENABLE_DEBUG_INFO = INCLUDE_SOURCE;
				MTL_FAST_MATH = YES;
				ONLY_ACTIVE_ARCH = YES;
				SDKROOT = iphoneos;
				SWIFT_ACTIVE_COMPILATION_CONDITIONS = DEBUG;
				SWIFT_OPTIMIZATION_LEVEL = "-Onone";
			};
			name = Debug;
		};
		25B6C39F283A751900C8397D /* Release */ = {
			isa = XCBuildConfiguration;
			buildSettings = {
				ALWAYS_SEARCH_USER_PATHS = NO;
				CLANG_ANALYZER_NONNULL = YES;
				CLANG_ANALYZER_NUMBER_OBJECT_CONVERSION = YES_AGGRESSIVE;
				CLANG_CXX_LANGUAGE_STANDARD = "gnu++17";
				CLANG_ENABLE_MODULES = YES;
				CLANG_ENABLE_OBJC_ARC = YES;
				CLANG_ENABLE_OBJC_WEAK = YES;
				CLANG_WARN_BLOCK_CAPTURE_AUTORELEASING = YES;
				CLANG_WARN_BOOL_CONVERSION = YES;
				CLANG_WARN_COMMA = YES;
				CLANG_WARN_CONSTANT_CONVERSION = YES;
				CLANG_WARN_DEPRECATED_OBJC_IMPLEMENTATIONS = YES;
				CLANG_WARN_DIRECT_OBJC_ISA_USAGE = YES_ERROR;
				CLANG_WARN_DOCUMENTATION_COMMENTS = YES;
				CLANG_WARN_EMPTY_BODY = YES;
				CLANG_WARN_ENUM_CONVERSION = YES;
				CLANG_WARN_INFINITE_RECURSION = YES;
				CLANG_WARN_INT_CONVERSION = YES;
				CLANG_WARN_NON_LITERAL_NULL_CONVERSION = YES;
				CLANG_WARN_OBJC_IMPLICIT_RETAIN_SELF = YES;
				CLANG_WARN_OBJC_LITERAL_CONVERSION = YES;
				CLANG_WARN_OBJC_ROOT_CLASS = YES_ERROR;
				CLANG_WARN_QUOTED_INCLUDE_IN_FRAMEWORK_HEADER = YES;
				CLANG_WARN_RANGE_LOOP_ANALYSIS = YES;
				CLANG_WARN_STRICT_PROTOTYPES = YES;
				CLANG_WARN_SUSPICIOUS_MOVE = YES;
				CLANG_WARN_UNGUARDED_AVAILABILITY = YES_AGGRESSIVE;
				CLANG_WARN_UNREACHABLE_CODE = YES;
				CLANG_WARN__DUPLICATE_METHOD_MATCH = YES;
				COPY_PHASE_STRIP = NO;
				DEBUG_INFORMATION_FORMAT = "dwarf-with-dsym";
				ENABLE_NS_ASSERTIONS = NO;
				ENABLE_STRICT_OBJC_MSGSEND = YES;
				GCC_C_LANGUAGE_STANDARD = gnu11;
				GCC_NO_COMMON_BLOCKS = YES;
				GCC_WARN_64_TO_32_BIT_CONVERSION = YES;
				GCC_WARN_ABOUT_RETURN_TYPE = YES_ERROR;
				GCC_WARN_UNDECLARED_SELECTOR = YES;
				GCC_WARN_UNINITIALIZED_AUTOS = YES_AGGRESSIVE;
				GCC_WARN_UNUSED_FUNCTION = YES;
				GCC_WARN_UNUSED_VARIABLE = YES;
				IPHONEOS_DEPLOYMENT_TARGET = 15.5;
				MTL_ENABLE_DEBUG_INFO = NO;
				MTL_FAST_MATH = YES;
				SDKROOT = iphoneos;
				SWIFT_COMPILATION_MODE = wholemodule;
				SWIFT_OPTIMIZATION_LEVEL = "-O";
				VALIDATE_PRODUCT = YES;
			};
			name = Release;
		};
		25B6C3A1283A751900C8397D /* Debug */ = {
			isa = XCBuildConfiguration;
			buildSettings = {
				ASSETCATALOG_COMPILER_APPICON_NAME = AppIcon;
				ASSETCATALOG_COMPILER_GLOBAL_ACCENT_COLOR_NAME = AccentColor;
				CODE_SIGN_STYLE = Automatic;
				CURRENT_PROJECT_VERSION = 1;
				DEVELOPMENT_TEAM = K3R8ZHZH34;
				GENERATE_INFOPLIST_FILE = YES;
				INFOPLIST_FILE = "SpaceX-launches-MVC-iOS/Info.plist";
				INFOPLIST_KEY_UIApplicationSupportsIndirectInputEvents = YES;
				INFOPLIST_KEY_UILaunchStoryboardName = LaunchScreen;
				INFOPLIST_KEY_UIMainStoryboardFile = Main;
				INFOPLIST_KEY_UISupportedInterfaceOrientations_iPad = "UIInterfaceOrientationPortrait UIInterfaceOrientationPortraitUpsideDown UIInterfaceOrientationLandscapeLeft UIInterfaceOrientationLandscapeRight";
				INFOPLIST_KEY_UISupportedInterfaceOrientations_iPhone = "UIInterfaceOrientationPortrait UIInterfaceOrientationLandscapeLeft UIInterfaceOrientationLandscapeRight";
				LD_RUNPATH_SEARCH_PATHS = (
					"$(inherited)",
					"@executable_path/Frameworks",
				);
				MARKETING_VERSION = 1.0;
				PRODUCT_BUNDLE_IDENTIFIER = "com.elizeus.SpaceX-launches-MVC-iOS";
				PRODUCT_NAME = "$(TARGET_NAME)";
				SWIFT_EMIT_LOC_STRINGS = YES;
				SWIFT_VERSION = 5.0;
				TARGETED_DEVICE_FAMILY = "1,2";
			};
			name = Debug;
		};
		25B6C3A2283A751900C8397D /* Release */ = {
			isa = XCBuildConfiguration;
			buildSettings = {
				ASSETCATALOG_COMPILER_APPICON_NAME = AppIcon;
				ASSETCATALOG_COMPILER_GLOBAL_ACCENT_COLOR_NAME = AccentColor;
				CODE_SIGN_STYLE = Automatic;
				CURRENT_PROJECT_VERSION = 1;
				DEVELOPMENT_TEAM = K3R8ZHZH34;
				GENERATE_INFOPLIST_FILE = YES;
				INFOPLIST_FILE = "SpaceX-launches-MVC-iOS/Info.plist";
				INFOPLIST_KEY_UIApplicationSupportsIndirectInputEvents = YES;
				INFOPLIST_KEY_UILaunchStoryboardName = LaunchScreen;
				INFOPLIST_KEY_UIMainStoryboardFile = Main;
				INFOPLIST_KEY_UISupportedInterfaceOrientations_iPad = "UIInterfaceOrientationPortrait UIInterfaceOrientationPortraitUpsideDown UIInterfaceOrientationLandscapeLeft UIInterfaceOrientationLandscapeRight";
				INFOPLIST_KEY_UISupportedInterfaceOrientations_iPhone = "UIInterfaceOrientationPortrait UIInterfaceOrientationLandscapeLeft UIInterfaceOrientationLandscapeRight";
				LD_RUNPATH_SEARCH_PATHS = (
					"$(inherited)",
					"@executable_path/Frameworks",
				);
				MARKETING_VERSION = 1.0;
				PRODUCT_BUNDLE_IDENTIFIER = "com.elizeus.SpaceX-launches-MVC-iOS";
				PRODUCT_NAME = "$(TARGET_NAME)";
				SWIFT_EMIT_LOC_STRINGS = YES;
				SWIFT_VERSION = 5.0;
				TARGETED_DEVICE_FAMILY = "1,2";
			};
			name = Release;
		};
/* End XCBuildConfiguration section */

/* Begin XCConfigurationList section */
		25B6C387283A751600C8397D /* Build configuration list for PBXProject "SpaceX-launches-MVC-iOS" */ = {
			isa = XCConfigurationList;
			buildConfigurations = (
				25B6C39E283A751900C8397D /* Debug */,
				25B6C39F283A751900C8397D /* Release */,
			);
			defaultConfigurationIsVisible = 0;
			defaultConfigurationName = Release;
		};
		25B6C3A0283A751900C8397D /* Build configuration list for PBXNativeTarget "SpaceX-launches-MVC-iOS" */ = {
			isa = XCConfigurationList;
			buildConfigurations = (
				25B6C3A1283A751900C8397D /* Debug */,
				25B6C3A2283A751900C8397D /* Release */,
			);
			defaultConfigurationIsVisible = 0;
			defaultConfigurationName = Release;
		};
/* End XCConfigurationList section */

/* Begin XCRemoteSwiftPackageReference section */
		256FB24128420AE5008FFC8D /* XCRemoteSwiftPackageReference "AlamofireEasyLogger" */ = {
			isa = XCRemoteSwiftPackageReference;
			repositoryURL = "https://github.com/jankaltoun/AlamofireEasyLogger";
			requirement = {
				kind = upToNextMajorVersion;
				minimumVersion = 1.0.0;
			};
		};
		259ED926283D635800B9D742 /* XCRemoteSwiftPackageReference "Alamofire" */ = {
			isa = XCRemoteSwiftPackageReference;
			repositoryURL = "https://github.com/Alamofire/Alamofire";
			requirement = {
				kind = upToNextMajorVersion;
				minimumVersion = 5.0.0;
			};
		};
/* End XCRemoteSwiftPackageReference section */

/* Begin XCSwiftPackageProductDependency section */
		256FB24228420AE6008FFC8D /* AlamofireEasyLogger */ = {
			isa = XCSwiftPackageProductDependency;
			package = 256FB24128420AE5008FFC8D /* XCRemoteSwiftPackageReference "AlamofireEasyLogger" */;
			productName = AlamofireEasyLogger;
		};
		259ED927283D635800B9D742 /* Alamofire */ = {
			isa = XCSwiftPackageProductDependency;
			package = 259ED926283D635800B9D742 /* XCRemoteSwiftPackageReference "Alamofire" */;
			productName = Alamofire;
		};
/* End XCSwiftPackageProductDependency section */
	};
	rootObject = 25B6C384283A751600C8397D /* Project object */;
}
