{
  "pins" : [
    {
      "identity" : "alamofire",
      "kind" : "remoteSourceControl",
      "location" : "https://github.com/Alamofire/Alamofire",
      "state" : {
        "revision" : "354dda32d89fc8cd4f5c46487f64957d355f53d8",
        "version" : "5.6.1"
      }
    },
    {
      "identity" : "alamofireeasylogger",
      "kind" : "remoteSourceControl",
      "location" : "https://github.com/jankaltoun/AlamofireEasyLogger",
      "state" : {
        "revision" : "40224e5206d8f6561561c2b8d1a217d0c500253d",
        "version" : "1.6.0"
      }
    }
  ],
  "version" : 2
}
